# This file is automatically @generated by Cargo.
# It is not intended for manual editing.
version = 4

[[package]]
name = "goombay-rs"
version = "0.2.1"
dependencies = [
 "jedvek",
]

[[package]]
name = "jedvek"
version = "0.1.1"
source = "registry+https://github.com/rust-lang/crates.io-index"
checksum = "4271616657585c403ba9fb8331958c39f5844c5e77bc43a960df7d0d5957dc57"
