# This file is automatically @generated by Cargo.
# It is not intended for manual editing.
version = 4

[[package]]
name = "goombay-rs"
version = "0.2.1"
dependencies = [
 "jedvek",
]

[[package]]
name = "jedvek"
version = "0.1.0"
source = "registry+https://github.com/rust-lang/crates.io-index"
checksum = "2994ad4a94f739dff0d4eb50dc5be6a8ba738f1d0dd44bf0e553a5fb359c700f"
